
Microsoft Visual Studio Solution File, Format Version 12.00
# Visual Studio Version 17
VisualStudioVersion = 17.10.35004.147
MinimumVisualStudioVersion = 10.0.40219.1
Project("{FAE04EC0-301F-11D3-BF4B-00C04F79EFBC}") = "onlinePostOfficeManagement", "onlinePostOfficeManagement.csproj", "{57376994-830D-49EA-874C-E4B97E7A9527}"
EndProject
Global
	GlobalSection(SolutionConfigurationPlatforms) = preSolution
		Debug|Any CPU = Debug|Any CPU
		Release|Any CPU = Release|Any CPU
	EndGlobalSection
	GlobalSection(ProjectConfigurationPlatforms) = postSolution
		{57376994-830D-49EA-874C-E4B97E7A9527}.Debug|Any CPU.ActiveCfg = Debug|Any CPU
		{57376994-830D-49EA-874C-E4B97E7A9527}.Debug|Any CPU.Build.0 = Debug|Any CPU
		{57376994-830D-49EA-874C-E4B97E7A9527}.Release|Any CPU.ActiveCfg = Release|Any CPU
		{57376994-830D-49EA-874C-E4B97E7A9527}.Release|Any CPU.Build.0 = Release|Any CPU
	EndGlobalSection
	GlobalSection(SolutionProperties) = preSolution
		HideSolutionNode = FALSE
	EndGlobalSection
	GlobalSection(ExtensibilityGlobals) = postSolution
		SolutionGuid = {EB48EBB2-F0AC-4436-9874-8ABD21BD67C8}
	EndGlobalSection
EndGlobal
